
Microsoft Visual Studio Solution File, Format Version 12.00
# Visual Studio Version 17
VisualStudioVersion = 17.1.32414.318
MinimumVisualStudioVersion = 10.0.40219.1
Project("{9A19103F-16F7-4668-BE54-9A1E7A4F7556}") = "Tana_Tutor_CSharp2", "Tana_Tutor_CSharp2\Tana_Tutor_CSharp2.csproj", "{20A3C70E-3CB8-4A2A-B666-516EC53AAED6}"
EndProject
Project("{9A19103F-16F7-4668-BE54-9A1E7A4F7556}") = "ThiThu_Deso2", "ThiThu_Deso2\ThiThu_Deso2.csproj", "{00B86F5B-8F40-4604-9226-DF6E4CE6FF6F}"
EndProject
Project("{9A19103F-16F7-4668-BE54-9A1E7A4F7556}") = "Tana_TestExam", "Tana_TestExam\Tana_TestExam.csproj", "{CD54BE8B-BFCD-4A54-AA97-512FDA413C03}"
EndProject
Project("{9A19103F-16F7-4668-BE54-9A1E7A4F7556}") = "TuTor_DeleGate", "TuTor_DeleGate\TuTor_DeleGate.csproj", "{9FD31618-07F4-4ECE-88D6-4284FC54C64A}"
EndProject
Project("{9A19103F-16F7-4668-BE54-9A1E7A4F7556}") = "Tana_OOP", "Tana_OOP\Tana_OOP.csproj", "{DF1F2866-9A86-41D7-9BCF-B51EA86C996C}"
EndProject
Project("{9A19103F-16F7-4668-BE54-9A1E7A4F7556}") = "FrmDelegate", "FrmDelegate\FrmDelegate.csproj", "{834E8F7D-C6EB-42CC-9912-60870116B948}"
EndProject
Project("{9A19103F-16F7-4668-BE54-9A1E7A4F7556}") = "Delegate_Envent2", "Delegate_Envent2\Delegate_Envent2.csproj", "{8A49E3A1-9B35-4504-BEF2-2106BA5CB0E0}"
EndProject
Project("{9A19103F-16F7-4668-BE54-9A1E7A4F7556}") = "Delegate_Event3", "Delegate_Event3\Delegate_Event3.csproj", "{76D582AD-6DED-459D-9EC3-CFA38282B297}"
EndProject
Project("{9A19103F-16F7-4668-BE54-9A1E7A4F7556}") = "CauTrucDuLieu", "CauTrucDuLieu\CauTrucDuLieu.csproj", "{B6B34A28-1C71-4E20-AE1E-4CA394D2A60F}"
EndProject
Project("{9A19103F-16F7-4668-BE54-9A1E7A4F7556}") = "OnTapDocGhiFile", "OnTapDocGhiFile\OnTapDocGhiFile.csproj", "{469855C0-C264-4C3E-A571-F1BF0053C7C6}"
EndProject
Project("{9A19103F-16F7-4668-BE54-9A1E7A4F7556}") = "DocGhiFile", "DocGhiFile\DocGhiFile.csproj", "{4C193C89-B992-488D-B559-95A368B7D1FB}"
EndProject
Project("{9A19103F-16F7-4668-BE54-9A1E7A4F7556}") = "ChuaDeThiThu", "ChuaDeThiThu\ChuaDeThiThu.csproj", "{EB0AD456-D9DE-4335-BB34-F37F01FB83D1}"
EndProject
Project("{FAE04EC0-301F-11D3-BF4B-00C04F79EFBC}") = "Linq_Fucking", "Linq_Fucking\Linq_Fucking.csproj", "{B2F8563E-2FB1-4495-8B7C-479482EB0CAC}"
EndProject
Global
	GlobalSection(SolutionConfigurationPlatforms) = preSolution
		Debug|Any CPU = Debug|Any CPU
		Release|Any CPU = Release|Any CPU
	EndGlobalSection
	GlobalSection(ProjectConfigurationPlatforms) = postSolution
		{20A3C70E-3CB8-4A2A-B666-516EC53AAED6}.Debug|Any CPU.ActiveCfg = Debug|Any CPU
		{20A3C70E-3CB8-4A2A-B666-516EC53AAED6}.Debug|Any CPU.Build.0 = Debug|Any CPU
		{20A3C70E-3CB8-4A2A-B666-516EC53AAED6}.Release|Any CPU.ActiveCfg = Release|Any CPU
		{20A3C70E-3CB8-4A2A-B666-516EC53AAED6}.Release|Any CPU.Build.0 = Release|Any CPU
		{00B86F5B-8F40-4604-9226-DF6E4CE6FF6F}.Debug|Any CPU.ActiveCfg = Debug|Any CPU
		{00B86F5B-8F40-4604-9226-DF6E4CE6FF6F}.Debug|Any CPU.Build.0 = Debug|Any CPU
		{00B86F5B-8F40-4604-9226-DF6E4CE6FF6F}.Release|Any CPU.ActiveCfg = Release|Any CPU
		{00B86F5B-8F40-4604-9226-DF6E4CE6FF6F}.Release|Any CPU.Build.0 = Release|Any CPU
		{CD54BE8B-BFCD-4A54-AA97-512FDA413C03}.Debug|Any CPU.ActiveCfg = Debug|Any CPU
		{CD54BE8B-BFCD-4A54-AA97-512FDA413C03}.Debug|Any CPU.Build.0 = Debug|Any CPU
		{CD54BE8B-BFCD-4A54-AA97-512FDA413C03}.Release|Any CPU.ActiveCfg = Release|Any CPU
		{CD54BE8B-BFCD-4A54-AA97-512FDA413C03}.Release|Any CPU.Build.0 = Release|Any CPU
		{9FD31618-07F4-4ECE-88D6-4284FC54C64A}.Debug|Any CPU.ActiveCfg = Debug|Any CPU
		{9FD31618-07F4-4ECE-88D6-4284FC54C64A}.Debug|Any CPU.Build.0 = Debug|Any CPU
		{9FD31618-07F4-4ECE-88D6-4284FC54C64A}.Release|Any CPU.ActiveCfg = Release|Any CPU
		{9FD31618-07F4-4ECE-88D6-4284FC54C64A}.Release|Any CPU.Build.0 = Release|Any CPU
		{DF1F2866-9A86-41D7-9BCF-B51EA86C996C}.Debug|Any CPU.ActiveCfg = Debug|Any CPU
		{DF1F2866-9A86-41D7-9BCF-B51EA86C996C}.Debug|Any CPU.Build.0 = Debug|Any CPU
		{DF1F2866-9A86-41D7-9BCF-B51EA86C996C}.Release|Any CPU.ActiveCfg = Release|Any CPU
		{DF1F2866-9A86-41D7-9BCF-B51EA86C996C}.Release|Any CPU.Build.0 = Release|Any CPU
		{834E8F7D-C6EB-42CC-9912-60870116B948}.Debug|Any CPU.ActiveCfg = Debug|Any CPU
		{834E8F7D-C6EB-42CC-9912-60870116B948}.Debug|Any CPU.Build.0 = Debug|Any CPU
		{834E8F7D-C6EB-42CC-9912-60870116B948}.Release|Any CPU.ActiveCfg = Release|Any CPU
		{834E8F7D-C6EB-42CC-9912-60870116B948}.Release|Any CPU.Build.0 = Release|Any CPU
		{8A49E3A1-9B35-4504-BEF2-2106BA5CB0E0}.Debug|Any CPU.ActiveCfg = Debug|Any CPU
		{8A49E3A1-9B35-4504-BEF2-2106BA5CB0E0}.Debug|Any CPU.Build.0 = Debug|Any CPU
		{8A49E3A1-9B35-4504-BEF2-2106BA5CB0E0}.Release|Any CPU.ActiveCfg = Release|Any CPU
		{8A49E3A1-9B35-4504-BEF2-2106BA5CB0E0}.Release|Any CPU.Build.0 = Release|Any CPU
		{76D582AD-6DED-459D-9EC3-CFA38282B297}.Debug|Any CPU.ActiveCfg = Debug|Any CPU
		{76D582AD-6DED-459D-9EC3-CFA38282B297}.Debug|Any CPU.Build.0 = Debug|Any CPU
		{76D582AD-6DED-459D-9EC3-CFA38282B297}.Release|Any CPU.ActiveCfg = Release|Any CPU
		{76D582AD-6DED-459D-9EC3-CFA38282B297}.Release|Any CPU.Build.0 = Release|Any CPU
		{B6B34A28-1C71-4E20-AE1E-4CA394D2A60F}.Debug|Any CPU.ActiveCfg = Debug|Any CPU
		{B6B34A28-1C71-4E20-AE1E-4CA394D2A60F}.Debug|Any CPU.Build.0 = Debug|Any CPU
		{B6B34A28-1C71-4E20-AE1E-4CA394D2A60F}.Release|Any CPU.ActiveCfg = Release|Any CPU
		{B6B34A28-1C71-4E20-AE1E-4CA394D2A60F}.Release|Any CPU.Build.0 = Release|Any CPU
		{469855C0-C264-4C3E-A571-F1BF0053C7C6}.Debug|Any CPU.ActiveCfg = Debug|Any CPU
		{469855C0-C264-4C3E-A571-F1BF0053C7C6}.Debug|Any CPU.Build.0 = Debug|Any CPU
		{469855C0-C264-4C3E-A571-F1BF0053C7C6}.Release|Any CPU.ActiveCfg = Release|Any CPU
		{469855C0-C264-4C3E-A571-F1BF0053C7C6}.Release|Any CPU.Build.0 = Release|Any CPU
		{4C193C89-B992-488D-B559-95A368B7D1FB}.Debug|Any CPU.ActiveCfg = Debug|Any CPU
		{4C193C89-B992-488D-B559-95A368B7D1FB}.Debug|Any CPU.Build.0 = Debug|Any CPU
		{4C193C89-B992-488D-B559-95A368B7D1FB}.Release|Any CPU.ActiveCfg = Release|Any CPU
		{4C193C89-B992-488D-B559-95A368B7D1FB}.Release|Any CPU.Build.0 = Release|Any CPU
		{EB0AD456-D9DE-4335-BB34-F37F01FB83D1}.Debug|Any CPU.ActiveCfg = Debug|Any CPU
		{EB0AD456-D9DE-4335-BB34-F37F01FB83D1}.Debug|Any CPU.Build.0 = Debug|Any CPU
		{EB0AD456-D9DE-4335-BB34-F37F01FB83D1}.Release|Any CPU.ActiveCfg = Release|Any CPU
		{EB0AD456-D9DE-4335-BB34-F37F01FB83D1}.Release|Any CPU.Build.0 = Release|Any CPU
		{B2F8563E-2FB1-4495-8B7C-479482EB0CAC}.Debug|Any CPU.ActiveCfg = Debug|Any CPU
		{B2F8563E-2FB1-4495-8B7C-479482EB0CAC}.Debug|Any CPU.Build.0 = Debug|Any CPU
		{B2F8563E-2FB1-4495-8B7C-479482EB0CAC}.Release|Any CPU.ActiveCfg = Release|Any CPU
		{B2F8563E-2FB1-4495-8B7C-479482EB0CAC}.Release|Any CPU.Build.0 = Release|Any CPU
	EndGlobalSection
	GlobalSection(SolutionProperties) = preSolution
		HideSolutionNode = FALSE
	EndGlobalSection
	GlobalSection(ExtensibilityGlobals) = postSolution
		SolutionGuid = {8C42F3B7-50A7-4A95-B9DB-06399DB38F9B}
	EndGlobalSection
EndGlobal
